
Microsoft Visual Studio Solution File, Format Version 12.00
# Visual Studio Version 16
VisualStudioVersion = 16.0.31515.178
MinimumVisualStudioVersion = 10.0.40219.1
Project("{FAE04EC0-301F-11D3-BF4B-00C04F79EFBC}") = "ProjCine", "ProjCine.csproj", "{78954653-5B3C-4FAF-80B8-2E88D4555FC8}"
EndProject
Project("{FAE04EC0-301F-11D3-BF4B-00C04F79EFBC}") = "ProjCineWeb", "..\ProjCineWeb\ProjCineWeb.csproj", "{A671ECA0-81BC-4220-B3B5-8AE4F48173FD}"
EndProject
Global
	GlobalSection(SolutionConfigurationPlatforms) = preSolution
		Debug|Any CPU = Debug|Any CPU
		Release|Any CPU = Release|Any CPU
	EndGlobalSection
	GlobalSection(ProjectConfigurationPlatforms) = postSolution
		{78954653-5B3C-4FAF-80B8-2E88D4555FC8}.Debug|Any CPU.ActiveCfg = Debug|Any CPU
		{78954653-5B3C-4FAF-80B8-2E88D4555FC8}.Debug|Any CPU.Build.0 = Debug|Any CPU
		{78954653-5B3C-4FAF-80B8-2E88D4555FC8}.Release|Any CPU.ActiveCfg = Release|Any CPU
		{78954653-5B3C-4FAF-80B8-2E88D4555FC8}.Release|Any CPU.Build.0 = Release|Any CPU
		{A671ECA0-81BC-4220-B3B5-8AE4F48173FD}.Debug|Any CPU.ActiveCfg = Debug|Any CPU
		{A671ECA0-81BC-4220-B3B5-8AE4F48173FD}.Debug|Any CPU.Build.0 = Debug|Any CPU
		{A671ECA0-81BC-4220-B3B5-8AE4F48173FD}.Release|Any CPU.ActiveCfg = Release|Any CPU
		{A671ECA0-81BC-4220-B3B5-8AE4F48173FD}.Release|Any CPU.Build.0 = Release|Any CPU
	EndGlobalSection
	GlobalSection(SolutionProperties) = preSolution
		HideSolutionNode = FALSE
	EndGlobalSection
	GlobalSection(ExtensibilityGlobals) = postSolution
		SolutionGuid = {1649F064-6AAE-4CED-BD4B-4E00FA647661}
	EndGlobalSection
EndGlobal
